# tests/.lock — sinh bởi bun run test:lock:write (chỉ qc). Không sửa tay.
d90e2bc9ea693172fdacff34efdaf2c83ba217fb0f932adcf94722be97563f6b  e2e/auth.spec.ts
329cbefa1cc50da9d3917554d525cd8c60a57c70f423ccbfb12d083dc57b07a6  e2e/m1-flow.spec.ts
8c302e81222d07b1eded6cda3efcf5eaf5a47d1c87e7ef67f5e23224352ac76f  e2e/smoke.spec.ts
e22cba7f8aa490e719f867250dd3de0d3be980831cc54e34628817e63a082d43  e2e/support/helpers.ts
866676d3e252ce4f8ac32b913ba6ce314227f0b1167d82f24f3ccb3a4852b35c  e2e/support/prepare-db.ts
57f37bcf4109942d834f4bf90b9a631a37b758851a25f3e7b51c234c5d8546bf  e2e/tenants.spec.ts
32846a7b6a73feff2f89c548106e339d5cb0e12ec35f39190c7512f5594176bd  e2e/users.spec.ts
f6c20a9e0371eb9c39baee469f9bd69288d9dd4398083f18c515daaff0f1eaa9  tests/acceptance/ADM-NFR-06/_helpers.ts
f1c74f00b2c4700a15b95cf946bc7bd0d58e1a1a4f9fc4ec9a049e657ec19fc9  tests/acceptance/ADM-NFR-06/ac07.check.ts
530550285ecfa8c3466c8373940584d5f61d87da34f637ae9dbe9c0914d57425  tests/acceptance/ADM-NFR-06/check-size.test.ts
adea9edad1da42c433a021e262e5a996b3546d52fe792bbd2d4b3d285c4fcee8  tests/acceptance/ADM-NFR-06/ci-workflow.test.ts
ab65fdffde1320c63a6c73576944c52ce7759d7f713b6576d8de47ea0190abb3  tests/acceptance/ADM-NFR-06/health.test.ts
b91631853eb52d1f994195017a9fa636dc2e1bb06ab2c061e21efc29414f8827  tests/acceptance/ADM-NFR-06/i18n-check.test.ts
7082ebfac4830a5e64b5dd44dff335bdbc24371ab7419cc4d2f01cb0b9492763  tests/acceptance/ADM-NFR-06/migrate.int.test.ts
13cb496231635f577008e06bb73176a29516831b9848164f289982bd0e200b45  tests/acceptance/ADM-NFR-06/mocks.test.ts
9df0613678417c7360562d30555d564150ef941c613bb14bd4bef362182d2468  tests/acceptance/ADM-NFR-06/server.int.test.ts
8d1fbb3687a6ee5b38e45e2f1b19778a6f84bda6310a795bf50d568456fa8e97  tests/acceptance/ADM-NFR-06/test-lock.test.ts
6939f5309994e91a86f2ca31af75c4b36d7aa2ae7e69586a0f7dc3255b662ae1  tests/acceptance/ADM-NFR-06/trace.test.ts
485e75650171f0003c62315cf010b16fdbd214e0fdad48ada5952f13b9b583f3  tests/acceptance/M1/_data.ts
4b1929cdd07d5b5a9cd4ad66a0e3ae41139df76288428f40ccc7b67b4b9f30e3  tests/acceptance/M1/_fixtures.ts
bc6b2417f10557e403ec460ce301de5a070ec9c77ecd584f285c66b97400acf7  tests/acceptance/M1/_modules.ts
3d8a5fee989e2fc436f58911a42425340bc800be4d909a9bb5059f9aae99ef4c  tests/acceptance/M1/auth-login.int.test.ts
062c37e5b31a57fb3293855abd4f38bc2c920810a07ae752d7de015b2bdab64b  tests/acceptance/M1/auth-password.int.test.ts
a7f3f82b944200561d0f7d75ea0b373836eb9a00f41d4398d3e3bead9a0b78ee  tests/acceptance/M1/auth-refresh.int.test.ts
e7d208302c2d5d4d61999ffd0335832778a9c7bf32e46dc64f42dedc84e2f790  tests/acceptance/M1/db-guard.int.test.ts
3378c12077885e51187092ca9ec5f4438df5ff06297739a789ee6d3d61c7c8ba  tests/acceptance/M1/db-rls.int.test.ts
507782e1e273ecfa8c2f75f902ec007042e16b9dceb3d0d325f5644f2a26caf4  tests/acceptance/M1/db-schema.int.test.ts
fdaf9887e76b72071701bf94ed25fd5fda83b88768e5acd8af117e1ef1d2ef70  tests/acceptance/M1/error-codes.int.test.ts
a8e5de6fe3dce1958d44015da76347bca748fabbfcdd0136dba9774d6f463cd4  tests/acceptance/M1/i18n-labels.test.ts
26bd440a16e7340e11531daba15bc239403c32a6160d03ab90f3b1a47c38b092  tests/acceptance/M1/middleware.int.test.ts
d4117e76978a30fa47a915208f4fa55559062c198dcae5731a8cb8e5fee70691  tests/acceptance/M1/rules/auth.rules.test.ts
e3715d7aa34b603baa682778826ac9d53cbb63d191f6a1bb2f26f05e36265fca  tests/acceptance/M1/rules/contracts.test.ts
01e9128ca002da40a56e7de8f64452390b6fdcfba2326a3c2159f2f56b46ff47  tests/acceptance/M1/rules/tenants.rules.test.ts
7da0fe82837b32b32d07999678d0a90b7ddf35b87ba04236c0aa3e4743fd25b6  tests/acceptance/M1/rules/users.rules.test.ts
8792204a6e04ae99f021fa79e5ab2e2254caad20434034754e23afe28b6f2e4a  tests/acceptance/M1/seed.int.test.ts
5f2875eaddf1dd4e698aa29580db658eeab1890f9fd3a34becf927b422232131  tests/acceptance/M1/server.int.test.ts
777dda81e99e4f63915ee6836546a3f8b3ec9d28d8af8984b03121833c489ce3  tests/acceptance/M1/tenants.int.test.ts
2f5d2afc92f0df368d3a1bef52cda02e1c2f706a8e2777ba024c1a5870d3186f  tests/acceptance/M1/users-isolation.int.test.ts
726fcb8199819b23dcc06ebb790112cc8084b6c078368427c7e8c9f7cd499f64  tests/acceptance/M1/users.int.test.ts
