# tests/.lock — sinh bởi bun run test:lock:write (chỉ qc). Không sửa tay.
0299ea8edb3729068e4a68dff9345be8ec8ce8ab2650fc42840c231068e89060  e2e/access-check.spec.ts
d2c81bd8128f68801f72cca23c5d001a99b89e6ec9bb84eb7d6d50c2f77d3332  e2e/access-command.spec.ts
dc937c61fc1bb30ba4c926367127427224773dbfced96621b5540c38eb07a87e  e2e/access-matrix.spec.ts
2da017df95f4e03f2aab70c5dd6336a913c5227400434ce4a8e75c038124ef92  e2e/access-user-tab.spec.ts
47f6fac09906c84e9cb3af25fa5ed66c52378a8334a82965a6c1d4071c2c5792  e2e/auth.spec.ts
84cc3ffb575fee886afd1116858da1c51e806ce45f469c96cab502bda841df9f  e2e/commands.spec.ts
d300a56ef2a99bfa99325afe5bb1c3bed9b23ec3b4f30966982466465a621377  e2e/conflict-commands.spec.ts
050ead1589157a3c1adfd87beadfa578732e86c83ffdc94c661af3c5bc731c91  e2e/conflict-features.spec.ts
6ff69987dc413830ebaecd7283c563cf73598ccc2ec089953fe0d685e70ea42c  e2e/conflict-groups.spec.ts
7ed34ba5a56a637c78b4acd99d6a85f8d41fc495879ca147778362a33d94d053  e2e/conflict-tenants.spec.ts
d57e1ce21f6e22874dc9cb8f4cf9275512e10b6328e0130661ca0692c2d9af9f  e2e/conflict-users.spec.ts
a5f80bf65d5d975e33b10788e5ffbde5a2bddabf7a2a9bbff08160e2aef3b7e4  e2e/conflict-workflows.spec.ts
b42a4b05cd28ab6d845677a14eeee598941a87d14cec9a114b27e484567f55e4  e2e/features.spec.ts
c2c4b61b5cb34d14f34050a2f30b3c753a3459500c47655c763815377c64b726  e2e/groups-editor.spec.ts
8b6a73017627f4571d39e8dce3432dad766d41a08098080a78a47d796f1ab844  e2e/groups-grants.spec.ts
d24a4e56f4e9d2a2d12f53aed722040a28714fab81da73fc920676fa9272ee53  e2e/groups-list.spec.ts
7c15fe4a95c4249aea6fa5354c4b64b2d591b13754904bc64fd992c6fd5385e8  e2e/groups-members.spec.ts
329cbefa1cc50da9d3917554d525cd8c60a57c70f423ccbfb12d083dc57b07a6  e2e/m1-flow.spec.ts
00b3e3cf7b4e3233f8de2b2f84220cba2a6aae43ccb64c8b2810b8864d086286  e2e/m2-flow.spec.ts
28809d4309aa72e039a14396d658786ca6b3535493f552c57012f8ee5e36e05c  e2e/m3-flow.spec.ts
fe42513a1adfc625378d948ce3d90e6e12700e12d2c41e8e110dec7589aa5b03  e2e/m4-2fa.spec.ts
58f7c9ae3a0341e17da46d8147e378028f870445a00c1dd9a26eff80ab583c85  e2e/m4-audit.spec.ts
6e3bbe241f42484cc3a6dd018835b5c7b8f80fdc778e495dbc5b08ea7b603bbc  e2e/m4-conflict.spec.ts
938967d7929d47aac302926c4cd1effaf9eed32447afc3005b008cac5bf7e906  e2e/m4-overview.spec.ts
7f11290b90090377305243e0464a0a0884dcbfd43dfb060c6c6e30b5a3db9a73  e2e/m4-quota.spec.ts
32beac1f73b5c48d5a62492b5a8e0ba3126e29abcba1469a079c330e105d9a0d  e2e/m4-transfer.spec.ts
407e998a78ea7f073ca4cd2af6a1eb2b8d1e6c25affd24583692376952d8f774  e2e/m4-usage.spec.ts
1dc62aa43c4a5dabe3fd32d583e97d88c9d5bd24f5472c489f82b9e910fff4f4  e2e/secrets.spec.ts
8c302e81222d07b1eded6cda3efcf5eaf5a47d1c87e7ef67f5e23224352ac76f  e2e/smoke.spec.ts
50128cd3109dd8fc783fda48772a8c42fc06fe4375098363e242ab12d10e810b  e2e/support/conflict.ts
ac55dfbd8fe42739835de2d2b07dd0d38d625b2292c2492c72650c9712ed5ae8  e2e/support/helpers.ts
e44263c10a148fa6d8bb860cb77bf3c860fc7f25c56c5b84be0fdda820f90f21  e2e/support/m4-ab.ts
b4bc71c7db44c18fb4e7cbee359922fb9d7458c44a27a11f41c2b1926555f84c  e2e/support/prepare-db.ts
3a4876d3a263bfbd666fba938b5232834f34960ac732a3b8d0d49e7c54f54498  e2e/support/totp.ts
57f37bcf4109942d834f4bf90b9a631a37b758851a25f3e7b51c234c5d8546bf  e2e/tenants.spec.ts
51a21105dbc8197f2f09967e5cfcd7b79cafb77858bceca358e0d4a9ab604fc9  e2e/users-groups.spec.ts
32846a7b6a73feff2f89c548106e339d5cb0e12ec35f39190c7512f5594176bd  e2e/users.spec.ts
3b8d9e1de82525a511d923c0ec10b1bbd87b5f2aa61e9b2e0f573925bcc7ced1  e2e/workflows.spec.ts
f6c20a9e0371eb9c39baee469f9bd69288d9dd4398083f18c515daaff0f1eaa9  tests/acceptance/ADM-NFR-06/_helpers.ts
f1c74f00b2c4700a15b95cf946bc7bd0d58e1a1a4f9fc4ec9a049e657ec19fc9  tests/acceptance/ADM-NFR-06/ac07.check.ts
530550285ecfa8c3466c8373940584d5f61d87da34f637ae9dbe9c0914d57425  tests/acceptance/ADM-NFR-06/check-size.test.ts
adea9edad1da42c433a021e262e5a996b3546d52fe792bbd2d4b3d285c4fcee8  tests/acceptance/ADM-NFR-06/ci-workflow.test.ts
ab65fdffde1320c63a6c73576944c52ce7759d7f713b6576d8de47ea0190abb3  tests/acceptance/ADM-NFR-06/health.test.ts
b91631853eb52d1f994195017a9fa636dc2e1bb06ab2c061e21efc29414f8827  tests/acceptance/ADM-NFR-06/i18n-check.test.ts
397c37a4566f9706c8530626a449f98eb538fca5497afbae604e4bbdd15dd329  tests/acceptance/ADM-NFR-06/migrate.int.test.ts
13cb496231635f577008e06bb73176a29516831b9848164f289982bd0e200b45  tests/acceptance/ADM-NFR-06/mocks.test.ts
9df0613678417c7360562d30555d564150ef941c613bb14bd4bef362182d2468  tests/acceptance/ADM-NFR-06/server.int.test.ts
8d1fbb3687a6ee5b38e45e2f1b19778a6f84bda6310a795bf50d568456fa8e97  tests/acceptance/ADM-NFR-06/test-lock.test.ts
6939f5309994e91a86f2ca31af75c4b36d7aa2ae7e69586a0f7dc3255b662ae1  tests/acceptance/ADM-NFR-06/trace.test.ts
485e75650171f0003c62315cf010b16fdbd214e0fdad48ada5952f13b9b583f3  tests/acceptance/M1/_data.ts
4b1929cdd07d5b5a9cd4ad66a0e3ae41139df76288428f40ccc7b67b4b9f30e3  tests/acceptance/M1/_fixtures.ts
bc6b2417f10557e403ec460ce301de5a070ec9c77ecd584f285c66b97400acf7  tests/acceptance/M1/_modules.ts
e30d81781521e75f45de4b5801f260acf203a4a10c249e984b6e19241bbf95b4  tests/acceptance/M1/auth-login.int.test.ts
e56bd948975491f6f140b08b098373a0a605e348b4b497ab25cdba4c1172ea7b  tests/acceptance/M1/auth-password.int.test.ts
a7f3f82b944200561d0f7d75ea0b373836eb9a00f41d4398d3e3bead9a0b78ee  tests/acceptance/M1/auth-refresh.int.test.ts
e7d208302c2d5d4d61999ffd0335832778a9c7bf32e46dc64f42dedc84e2f790  tests/acceptance/M1/db-guard.int.test.ts
80708df3ed5ad8a4ad1c624258a79eb02c90a710068f12263f148b9b9ae5e82b  tests/acceptance/M1/db-rls.int.test.ts
a8ea0f3831115045e020256477ca35c4312d3e37a0b2ee6468d3209fe6e13664  tests/acceptance/M1/db-schema.int.test.ts
ebf8501285a9546253b8769f3f8f7b40170a83f6920b5f0282e2935d503b773e  tests/acceptance/M1/error-codes.int.test.ts
09ab7574f90835fbbdb304b6a3498f0c6313d42cb494d6f957196b1e226ef13d  tests/acceptance/M1/i18n-labels.test.ts
26bd440a16e7340e11531daba15bc239403c32a6160d03ab90f3b1a47c38b092  tests/acceptance/M1/middleware.int.test.ts
d4117e76978a30fa47a915208f4fa55559062c198dcae5731a8cb8e5fee70691  tests/acceptance/M1/rules/auth.rules.test.ts
32bc95e78f908c3603a16753eae4d473c1ab426910b8dfadb413c315a7fea09a  tests/acceptance/M1/rules/contracts.test.ts
01e9128ca002da40a56e7de8f64452390b6fdcfba2326a3c2159f2f56b46ff47  tests/acceptance/M1/rules/tenants.rules.test.ts
7da0fe82837b32b32d07999678d0a90b7ddf35b87ba04236c0aa3e4743fd25b6  tests/acceptance/M1/rules/users.rules.test.ts
8792204a6e04ae99f021fa79e5ab2e2254caad20434034754e23afe28b6f2e4a  tests/acceptance/M1/seed.int.test.ts
5f2875eaddf1dd4e698aa29580db658eeab1890f9fd3a34becf927b422232131  tests/acceptance/M1/server.int.test.ts
777dda81e99e4f63915ee6836546a3f8b3ec9d28d8af8984b03121833c489ce3  tests/acceptance/M1/tenants.int.test.ts
2f5d2afc92f0df368d3a1bef52cda02e1c2f706a8e2777ba024c1a5870d3186f  tests/acceptance/M1/users-isolation.int.test.ts
18879d8cd1e2ad310d946356befa95717893a8f92677c5adf63eb0de4694ef4b  tests/acceptance/M1/users.int.test.ts
f6dce9b7ef41396a9ad3fbdc802faf27270bd54389cd509efa72f14b9178d13c  tests/acceptance/M2/_crypto.ts
f9c53bbdf94e2ee0ea89544f4bd93c5a4ae35e4b8d69804a6acff81a4e455773  tests/acceptance/M2/_data.ts
1cc0cbbda221851e227f0864c4916d3745c9bcf4609bd10887602c9a7483fc75  tests/acceptance/M2/_fixtures.ts
d844b5231e126ab2319a6afddca05bc7263083998fd8a2475eb39ca42e011f29  tests/acceptance/M2/_modules.ts
3b36fdb42d57bb22c5fc937dad399689ff975683eb9d7f216b03eaef98aa7fbc  tests/acceptance/M2/access.int.test.ts
64d34aaf3947b0d8c4c933f26f14bdb007fe448aa0be084865163b67641f38a1  tests/acceptance/M2/commands-read.int.test.ts
215e663e0b4d877c76ed4bebc6da3dffbb4811d040d8212744a97ad2d7c94ac8  tests/acceptance/M2/commands.int.test.ts
776c7f15bdcd066b0ef8568736a056e5f5a1f3b26bdd9512caa293e9573f8106  tests/acceptance/M2/concurrency.int.test.ts
15d34f9fb5c812edbc6196d8a1239ba52295ce4ab04287070b73e22b41e8cd8d  tests/acceptance/M2/db-rls.int.test.ts
f4d1ce22f4134c08c255c77fde46b660fddf0ee878cfdb7075685bc14e7d3a24  tests/acceptance/M2/db-schema.int.test.ts
6237c6772822833fc41c8795a72f23fd5d1ef65753556e2438551a750a7a901c  tests/acceptance/M2/error-codes.int.test.ts
2df745083cfee3e0cae7217010418f4be151a291de3d979f0b7c70f43b1f1c1c  tests/acceptance/M2/features.int.test.ts
9bcc59e0ec6b72cbd027d083ff1e3eb7231c1629103d6e940b83e303d3a8e207  tests/acceptance/M2/forbidden.int.test.ts
339cd354152d342943853a21e2d14e8561e3b480e9f736d5ac164ab8f2f3e14c  tests/acceptance/M2/i18n-labels.test.ts
540800f766fff240b9932cec8de36b3efdaf382c2986e35bae1d42cc26cbcf4e  tests/acceptance/M2/rules/commands.rules.test.ts
df1710d4d9cdfce0e4d6b962726122a19b693a4562d1721500635d224fa9f05b  tests/acceptance/M2/rules/contracts.test.ts
920ff0854a21b7f8155ebb1d1295c9ec29ae18c97ad073b51d963969a8d73348  tests/acceptance/M2/rules/features.rules.test.ts
f0a24441354dca0970399a19a6e1a26036becd3aeac753b91592144104d7005f  tests/acceptance/M2/rules/secret-crypto.test.ts
f5e501fb13b853a3bbb790bc2ef9795f3ab1042ee7450d3cd2e6bf9674c0963b  tests/acceptance/M2/rules/secrets.rules.test.ts
6381962f9b92be0dd36c289748053516311bc2c0ff6c6c9f408770a41948b4b8  tests/acceptance/M2/rules/workflows.rules.test.ts
6a7cb8117d84f551b8b85606b46081924cdc3a0c9f8da81ff33690ea1e5446f6  tests/acceptance/M2/secrets-proc.int.test.ts
b6666e72a0dd16e2f29504d5d5df751eb0a282b67650e6f5b1b971b50e0c8d3a  tests/acceptance/M2/secrets.int.test.ts
dd182ded81c34bdfbee1fb2067c164f950dbecc5afbc21bc2c900d47ab44b7f1  tests/acceptance/M2/workflows.int.test.ts
44d118d9c3fa2bc54a25ac460201bd2fd723b0010b749a4f63332773434bdf0a  tests/acceptance/M3/_data.ts
b37eb00409a1b488951ea53023c1689ee3c50c396eaef1c49b542f0824ed6ade  tests/acceptance/M3/_fixtures.ts
f8b5a24f5249a3d48b4dc808437a738594994dc7251b3961dce82be666253518  tests/acceptance/M3/_modules.ts
decfd21449de994c03c04b8ddba822b41cd3802305e6e215010ce7d9a5f2cd19  tests/acceptance/M3/_notify.ts
975075106f0ded5da078898ff71e6e38bc15d60d8b3b7975328efe9c0aece7d9  tests/acceptance/M3/access-sql.int.test.ts
254da841e9f2a364e4706d2bed031efa56fa0d242c50264a4a06b8c292aecc5b  tests/acceptance/M3/command-access.int.test.ts
931619b29a242a7099ee13d5b4870b5a3df991dd6c8986ea5445df1fe5e81450  tests/acceptance/M3/concurrency.int.test.ts
6b5561a28bbe96b1583c3e2cf9cd0bd329b7019846c73d5ade74a090b77db0e1  tests/acceptance/M3/conflict.int.test.ts
4c2272a6c30e7c70de71941ea831e78982833402498ce99ac1e67e6151fb064c  tests/acceptance/M3/db-rls.int.test.ts
eb9a0e1f45af797957a3f5f58eee6c76cfd300f43f186d315370babd638275c2  tests/acceptance/M3/db-schema.int.test.ts
c338fc90e889990f82d99685aa20811eea50c43b359bc0805ad3e1fac2fd1105  tests/acceptance/M3/effective-access.int.test.ts
d4833850f46684713ca1c984fff9f1a7748523d5fd26207f45a07e2b4861e952  tests/acceptance/M3/error-codes.int.test.ts
6d6d101f3ae54d65671a87532ea79abd54802ad88f305839a2cf397b4a9d8967  tests/acceptance/M3/forbidden.int.test.ts
1d2f6b235ab4adba2ae3081cad9d52f588775e0e8411132f60507c95ac7e5d0e  tests/acceptance/M3/grants-batch.int.test.ts
e4e677c104d0f96ca4ed3f44013efef6c12c9b8495eccc3eedbfb2c551f16ce2  tests/acceptance/M3/grants.int.test.ts
50621cc92bcc95f096182a8612751c87f6b8d33df577a39dcd045a9c10114c5b  tests/acceptance/M3/groups.int.test.ts
768a9ef0e485ae1dec68bc1a3cb2c532f74a2ae4fbf627a8712a2203413b106c  tests/acceptance/M3/hub-view.int.test.ts
fd3f129053f8212c9d649b2c6f44ce8d7b888204798475b956e8c80f631b2a95  tests/acceptance/M3/i18n-access.test.ts
5e849cb0a5a1e6ef2321d1b9b09507d150b23c540438e3e780bc89ae142f1007  tests/acceptance/M3/i18n-conflict.test.ts
02e93027f4172e62c95757b559bfc8b424aabeb56fa58e896d905fed21961c60  tests/acceptance/M3/i18n-groups.test.ts
3bec016ba491a30937927bf87f908d9c4d77e87f0fe664ddb3013c0f57c5f931  tests/acceptance/M3/matrix.int.test.ts
9f51760002204f874d2b0315cd6dfe7b078e5926d7187ea274c9749fefc55102  tests/acceptance/M3/members.int.test.ts
22b6a89a3e295e7bcea9cc04e612bd1871545c37501a28dd0cbce9f5c21e5185  tests/acceptance/M3/notify-noop.int.test.ts
0df60941923978cf4f5189008fa96d700d8c8e91fc11136881b43b15cbfd32c8  tests/acceptance/M3/notify-props.int.test.ts
c06543cc875efaba225e33a0eca50042618e0dc70591621ad9ea0b082f758a37  tests/acceptance/M3/notify-writes.int.test.ts
9ebca29e7046494684da78dfa1d261c0d859a59228db7f68f42a51640fc3de16  tests/acceptance/M3/rules/access.rules.test.ts
0b7fc219bd658c1651fc155b36b60df5bc6f7e9a489eabd06efb35c69730a273  tests/acceptance/M3/rules/config-payload.test.ts
be8daeda096561d2817467d0f45320705d3d33a6b260b9949416a3374f984ed1  tests/acceptance/M3/rules/contracts-commands.test.ts
6e28805739f65c674610cba04feca2ff98081a6cd10007d4fdee0ef42902330b  tests/acceptance/M3/rules/contracts-users.test.ts
039d63f64e6732c752dddcb5e8f7b72743c1bfddc8b46a28e59febb7630eef48  tests/acceptance/M3/rules/contracts.test.ts
594121bce96376c3540f36a3c31e626f42122caefdac12a5a364b66119f72e7f  tests/acceptance/M3/rules/grants.rules.test.ts
70160e554875572c7aa27b3e76e3528bf768b9cf57c0c57254bf4279401f3fca  tests/acceptance/M3/rules/groups.rules.test.ts
6f9e1794adb867aa2941bd48273943bfa04704239c71e53c02f7153bce57aab0  tests/acceptance/M3/users-groups.int.test.ts
06a6af0bfbaf6e9ef42bde5bb8ec5075f3be3ab1a31df463e934be9508e2777b  tests/acceptance/M4/_ab.ts
cc92ae0abef892b96d55b41bd8405c0d038f5563c0f40df1e7d28695d21e02ec  tests/acceptance/M4/_cd-modules.ts
7a15ccd92a5039b7776b7b0ce94b550b03812e14bb5e4627eda8f6eed71de52c  tests/acceptance/M4/_cd.ts
822e29f46ec2b814a2740327492a743e23cc144ea51251481a5f21681b19935d  tests/acceptance/M4/_data.ts
b5556e67b1175891711fdb89d4bbe54663479018a71ddeab690fe656a51c48f4  tests/acceptance/M4/_fixtures.ts
a272b0110ea9abb8ce155c824d5cd9f62f62105aedc713b6e371037c0bfcdb1b  tests/acceptance/M4/_modules.ts
f0c4dc15605ed3ffa78660337afc7b9ddc2ba98b9f24793cef53f93896460e49  tests/acceptance/M4/_totp.ts
f8a10f1bfb69136f849b455d78389df1dde6ab77dd604b47c78558a775f709f2  tests/acceptance/M4/_transfer-data.ts
55dfb78919e20a84325833999f295d57d05ccc6ccc40bf155ff33d247db2835c  tests/acceptance/M4/audit-read.int.test.ts
6a1149895ec3486c0021cbf8c776b04c9d625b0bfe34361f037a683c0a167ae6  tests/acceptance/M4/audit-secrets.int.test.ts
4132a055cfa9b377e6c7037d4bbacba2fa94f599271670fadd4505274c66a356  tests/acceptance/M4/audit-write-catalog.int.test.ts
bb5f025663f0beab15fcb3dd6f5b1f3a5b05c10fc34eee6cc42eedaaedb38d0a  tests/acceptance/M4/audit-write.int.test.ts
8f48f87f2847026f00dc6513fcbdcbc3a1f9a814a7347eaf8adc888828fdac74  tests/acceptance/M4/db-rls.int.test.ts
50bf4c9293dc8c9338e4399dffe58eb84c299fa9f117ed353e9dfb72dcad2d07  tests/acceptance/M4/db-schema.int.test.ts
760486c2a548467056153c5138d9af580c30be534e63495372beb6ec1f161f58  tests/acceptance/M4/export.int.test.ts
85bfea307df0ef220efc777af49d32eb6048940fd9a89b2c8f33b65bf2216572  tests/acceptance/M4/forbidden.int.test.ts
4b83ba3326d2ade6057752b398e8eac9fc33f23a57045f2c8a8c971b50f0d79c  tests/acceptance/M4/i18n-ab.test.ts
cce2886ad2cb290bf99d7adc9b740ecf58ea3462b0c12115cb35ae794538d2bf  tests/acceptance/M4/import-apply.int.test.ts
a7d2f71b2db4be231212ab63a10832fea406645a1364293cdd45b2137ad7323f  tests/acceptance/M4/import-dry-run.int.test.ts
8dccd52c899771e50d58e0bae90c1911b5e08526fe232b1a6645c70c50eeed0a  tests/acceptance/M4/mailer.int.test.ts
8deda82d38c1453e48eff3667e631c1bb7d2bf787c48bde50c2e32b31fbe0fc1  tests/acceptance/M4/notify.int.test.ts
005943c7e9887d72efabf89448d63d5c4c700855709dc7c63f5f67dda2f815b8  tests/acceptance/M4/overview.int.test.ts
92930f704d735932811b9b03cfaf7d3790940e62792c510501e359ae8e970ebe  tests/acceptance/M4/quota-alerts-proc.int.test.ts
e7fed11680f7345ac2c3863b64ec211c3c518bba65d54b5a022e7a3f67709725  tests/acceptance/M4/quota-alerts.int.test.ts
5f7d2d1372a414ffc8deba4dbb03a1961cb5903e426fdff841e39d992f508fad  tests/acceptance/M4/quotas.int.test.ts
23f9b4eaa37750a753cafbd4ae175f79ae543b3648700ce550b929e303c528cf  tests/acceptance/M4/restore.int.test.ts
734304552fa5e54deb754c7aa01e4343a8d6c87bb5ae31d6be3936b30ff85948  tests/acceptance/M4/rules/audit-snapshot.rules.test.ts
551a5760d74d9d80e9a50ebd9723653c066a7c4020f338893f5586c3e7056f24  tests/acceptance/M4/rules/audit.rules.test.ts
8c0c51567e575e4b39fc69496a5be319d767198b3f746b26487fe6642d57d895  tests/acceptance/M4/rules/contracts-cd.test.ts
1e5ec08be1e49172b6506145237248ff11bbe5bee046ce8651cff381e1af9f65  tests/acceptance/M4/rules/contracts-totp.test.ts
0ffb7b429054659ae9abefbd81ed72b1dae62a35d2a6e39e14266f369714be03  tests/acceptance/M4/rules/contracts.test.ts
f2ac17e5f8b5fd9be804bb3532cf4eff0983faa4af8e1cd4aac447a8d2a212cf  tests/acceptance/M4/rules/mailer.test.ts
c80acf3cb281c12f7ef59eaa50512362eef01ea112326674956718d7a998c68c  tests/acceptance/M4/rules/quotas.rules.test.ts
1ad406078ec8706341f63601e6301d2be249747fd8fd2bb7fa2d90fbcee78d01  tests/acceptance/M4/rules/totp-oracle.test.ts
22378d61c815d4b681704085a15a700fc760b3e3c0384552b31d9e5d68734b75  tests/acceptance/M4/rules/totp.test.ts
622b34f3acb3997c69394dc8b2d1324385511cde347e5d96c8fbf109a3402acf  tests/acceptance/M4/rules/transfer.test.ts
b20677995d32e0003dc4fedb0eab18012db9a5f9d0bb42a0b460ced35147093e  tests/acceptance/M4/rules/usage.rules.test.ts
a848c6ca744516a8f903fbdb9c748f6b11290c7773393e1077108458cc7d15bf  tests/acceptance/M4/totp-admin-reset.int.test.ts
000c6752c61374772fab402da874db7e0b991abb7f51718c12de5b145a93a13f  tests/acceptance/M4/totp-db.int.test.ts
852fecdb73ac5ffc412ee5736b781c5ca1b7b2e857b033c0d19b1c5b090fdda5  tests/acceptance/M4/totp-login.int.test.ts
721f1ac7b51d1ef2615b332cfd51b8aaadc1d3caeda6208597fa978e5467d925  tests/acceptance/M4/totp-setup.int.test.ts
77b90cc87ad9291fead0146e71810acf6b92c9a1311490115025d4272f6a8f43  tests/acceptance/M4/updated-by.int.test.ts
bce7c9d33a5085e307c5c85eae55cacb7a34f8d5d32405497620addba1e6d048  tests/acceptance/M4/usage-csv.int.test.ts
0c7fae54d58dd2886d6e8f1f56338d3a2fbb8b72bc3261bf599cf8b57e14ac8e  tests/acceptance/M4/usage.int.test.ts
