# tests/.lock — sinh bởi bun run test:lock:write (chỉ qc). Không sửa tay.
1953e1a4d3e6c752c76aecd22c04a2ff62b5ac60ac057ff349fad3c2e3f2e98f  e2e/auth.spec.ts
6101398dfde1ddb036bef82913b67c71e862393e94f5a727fc883cc15a17941e  e2e/commands.spec.ts
1797493e6d54b3e525bf2ac8a137441648e3341e1b654fe2cd76fef815246fc8  e2e/features.spec.ts
329cbefa1cc50da9d3917554d525cd8c60a57c70f423ccbfb12d083dc57b07a6  e2e/m1-flow.spec.ts
00b3e3cf7b4e3233f8de2b2f84220cba2a6aae43ccb64c8b2810b8864d086286  e2e/m2-flow.spec.ts
1c36ff5f1766c54ff46f2cd175c658a54d35a44a136294ae4018495bda738cd9  e2e/secrets.spec.ts
8c302e81222d07b1eded6cda3efcf5eaf5a47d1c87e7ef67f5e23224352ac76f  e2e/smoke.spec.ts
a40674c78fd48fd13c3afef1588dc1a37984f70c6c7a578369a584fbfbfd9b48  e2e/support/helpers.ts
9c60de83a40ddc5b2404119797d3dc21bc4b0d3f5543510355e03d3e0e449737  e2e/support/prepare-db.ts
57f37bcf4109942d834f4bf90b9a631a37b758851a25f3e7b51c234c5d8546bf  e2e/tenants.spec.ts
32846a7b6a73feff2f89c548106e339d5cb0e12ec35f39190c7512f5594176bd  e2e/users.spec.ts
3b8d9e1de82525a511d923c0ec10b1bbd87b5f2aa61e9b2e0f573925bcc7ced1  e2e/workflows.spec.ts
f6c20a9e0371eb9c39baee469f9bd69288d9dd4398083f18c515daaff0f1eaa9  tests/acceptance/ADM-NFR-06/_helpers.ts
f1c74f00b2c4700a15b95cf946bc7bd0d58e1a1a4f9fc4ec9a049e657ec19fc9  tests/acceptance/ADM-NFR-06/ac07.check.ts
530550285ecfa8c3466c8373940584d5f61d87da34f637ae9dbe9c0914d57425  tests/acceptance/ADM-NFR-06/check-size.test.ts
adea9edad1da42c433a021e262e5a996b3546d52fe792bbd2d4b3d285c4fcee8  tests/acceptance/ADM-NFR-06/ci-workflow.test.ts
ab65fdffde1320c63a6c73576944c52ce7759d7f713b6576d8de47ea0190abb3  tests/acceptance/ADM-NFR-06/health.test.ts
b91631853eb52d1f994195017a9fa636dc2e1bb06ab2c061e21efc29414f8827  tests/acceptance/ADM-NFR-06/i18n-check.test.ts
b0196818328ec06b621ec9bb10d5df969c81bda3c54cab0fd4dadcb1042f4ef5  tests/acceptance/ADM-NFR-06/migrate.int.test.ts
13cb496231635f577008e06bb73176a29516831b9848164f289982bd0e200b45  tests/acceptance/ADM-NFR-06/mocks.test.ts
9df0613678417c7360562d30555d564150ef941c613bb14bd4bef362182d2468  tests/acceptance/ADM-NFR-06/server.int.test.ts
8d1fbb3687a6ee5b38e45e2f1b19778a6f84bda6310a795bf50d568456fa8e97  tests/acceptance/ADM-NFR-06/test-lock.test.ts
6939f5309994e91a86f2ca31af75c4b36d7aa2ae7e69586a0f7dc3255b662ae1  tests/acceptance/ADM-NFR-06/trace.test.ts
485e75650171f0003c62315cf010b16fdbd214e0fdad48ada5952f13b9b583f3  tests/acceptance/M1/_data.ts
4b1929cdd07d5b5a9cd4ad66a0e3ae41139df76288428f40ccc7b67b4b9f30e3  tests/acceptance/M1/_fixtures.ts
bc6b2417f10557e403ec460ce301de5a070ec9c77ecd584f285c66b97400acf7  tests/acceptance/M1/_modules.ts
e30d81781521e75f45de4b5801f260acf203a4a10c249e984b6e19241bbf95b4  tests/acceptance/M1/auth-login.int.test.ts
e56bd948975491f6f140b08b098373a0a605e348b4b497ab25cdba4c1172ea7b  tests/acceptance/M1/auth-password.int.test.ts
a7f3f82b944200561d0f7d75ea0b373836eb9a00f41d4398d3e3bead9a0b78ee  tests/acceptance/M1/auth-refresh.int.test.ts
e7d208302c2d5d4d61999ffd0335832778a9c7bf32e46dc64f42dedc84e2f790  tests/acceptance/M1/db-guard.int.test.ts
930bdee3ffeda37df5be563c068e097068434b6111b08528710cea3cc0c75201  tests/acceptance/M1/db-rls.int.test.ts
33acf13b3306abfd256e338419b7c13bfd3bb14f16def4a23ef611477b0fd4be  tests/acceptance/M1/db-schema.int.test.ts
ebf8501285a9546253b8769f3f8f7b40170a83f6920b5f0282e2935d503b773e  tests/acceptance/M1/error-codes.int.test.ts
a8e5de6fe3dce1958d44015da76347bca748fabbfcdd0136dba9774d6f463cd4  tests/acceptance/M1/i18n-labels.test.ts
26bd440a16e7340e11531daba15bc239403c32a6160d03ab90f3b1a47c38b092  tests/acceptance/M1/middleware.int.test.ts
d4117e76978a30fa47a915208f4fa55559062c198dcae5731a8cb8e5fee70691  tests/acceptance/M1/rules/auth.rules.test.ts
312fe32db8c62e8bc07660825ef3a7f15918a0acdaa0b832f9230b2c61277e17  tests/acceptance/M1/rules/contracts.test.ts
01e9128ca002da40a56e7de8f64452390b6fdcfba2326a3c2159f2f56b46ff47  tests/acceptance/M1/rules/tenants.rules.test.ts
7da0fe82837b32b32d07999678d0a90b7ddf35b87ba04236c0aa3e4743fd25b6  tests/acceptance/M1/rules/users.rules.test.ts
8792204a6e04ae99f021fa79e5ab2e2254caad20434034754e23afe28b6f2e4a  tests/acceptance/M1/seed.int.test.ts
5f2875eaddf1dd4e698aa29580db658eeab1890f9fd3a34becf927b422232131  tests/acceptance/M1/server.int.test.ts
777dda81e99e4f63915ee6836546a3f8b3ec9d28d8af8984b03121833c489ce3  tests/acceptance/M1/tenants.int.test.ts
2f5d2afc92f0df368d3a1bef52cda02e1c2f706a8e2777ba024c1a5870d3186f  tests/acceptance/M1/users-isolation.int.test.ts
18879d8cd1e2ad310d946356befa95717893a8f92677c5adf63eb0de4694ef4b  tests/acceptance/M1/users.int.test.ts
f6dce9b7ef41396a9ad3fbdc802faf27270bd54389cd509efa72f14b9178d13c  tests/acceptance/M2/_crypto.ts
f9c53bbdf94e2ee0ea89544f4bd93c5a4ae35e4b8d69804a6acff81a4e455773  tests/acceptance/M2/_data.ts
1cc0cbbda221851e227f0864c4916d3745c9bcf4609bd10887602c9a7483fc75  tests/acceptance/M2/_fixtures.ts
d844b5231e126ab2319a6afddca05bc7263083998fd8a2475eb39ca42e011f29  tests/acceptance/M2/_modules.ts
3b36fdb42d57bb22c5fc937dad399689ff975683eb9d7f216b03eaef98aa7fbc  tests/acceptance/M2/access.int.test.ts
635dbf7516bad3a88f0ef7a961f889bad7a7f31e8b920da30788c223f2b783c0  tests/acceptance/M2/commands-read.int.test.ts
215e663e0b4d877c76ed4bebc6da3dffbb4811d040d8212744a97ad2d7c94ac8  tests/acceptance/M2/commands.int.test.ts
776c7f15bdcd066b0ef8568736a056e5f5a1f3b26bdd9512caa293e9573f8106  tests/acceptance/M2/concurrency.int.test.ts
f307582f2a84d859af26195fe826273a0092e1f56b0e774dd4addd347bcc2ec1  tests/acceptance/M2/db-rls.int.test.ts
31be60a3f0e34efdb7d499581059eb891b0d774a072a6243538ef80e3696a035  tests/acceptance/M2/db-schema.int.test.ts
eb7e5bd6eca3d7f705f8a529dcb564075daf9b958694022bc8f409af1a588e73  tests/acceptance/M2/error-codes.int.test.ts
9032fc78f77775d2a9a9e8692a5d98472c66fde655486b81ee4be7079cfe280f  tests/acceptance/M2/features.int.test.ts
9bcc59e0ec6b72cbd027d083ff1e3eb7231c1629103d6e940b83e303d3a8e207  tests/acceptance/M2/forbidden.int.test.ts
3463e2886d491f1138957e995df6802b571552531ca50b31f7ecf7c6f62e817d  tests/acceptance/M2/i18n-labels.test.ts
540800f766fff240b9932cec8de36b3efdaf382c2986e35bae1d42cc26cbcf4e  tests/acceptance/M2/rules/commands.rules.test.ts
ae3cb1a9d1486ca2e172e5b5e1272905162c77dc2bb826fc23526a957943d729  tests/acceptance/M2/rules/contracts.test.ts
920ff0854a21b7f8155ebb1d1295c9ec29ae18c97ad073b51d963969a8d73348  tests/acceptance/M2/rules/features.rules.test.ts
f0a24441354dca0970399a19a6e1a26036becd3aeac753b91592144104d7005f  tests/acceptance/M2/rules/secret-crypto.test.ts
f5e501fb13b853a3bbb790bc2ef9795f3ab1042ee7450d3cd2e6bf9674c0963b  tests/acceptance/M2/rules/secrets.rules.test.ts
6381962f9b92be0dd36c289748053516311bc2c0ff6c6c9f408770a41948b4b8  tests/acceptance/M2/rules/workflows.rules.test.ts
6a7cb8117d84f551b8b85606b46081924cdc3a0c9f8da81ff33690ea1e5446f6  tests/acceptance/M2/secrets-proc.int.test.ts
b6666e72a0dd16e2f29504d5d5df751eb0a282b67650e6f5b1b971b50e0c8d3a  tests/acceptance/M2/secrets.int.test.ts
c118b00abda267739e9823170642fef6c86fae80588d546e091f61a7ba695f27  tests/acceptance/M2/workflows.int.test.ts
